
Microsoft Visual Studio Solution File, Format Version 12.00
# Visual Studio Version 16
VisualStudioVersion = 16.0.30225.117
MinimumVisualStudioVersion = 10.0.40219.1
Project("{9A19103F-16F7-4668-BE54-9A1E7A4F7556}") = "APIGateway", "APIGateway\APIGateway.csproj", "{1F0D818B-36B0-4746-837C-0BA8234E35B1}"
EndProject
Project("{9A19103F-16F7-4668-BE54-9A1E7A4F7556}") = "Authentication", "Authentication\Authentication.csproj", "{3DD622C0-D8FC-446F-A316-C9EF06364B85}"
EndProject
Project("{E53339B2-1760-4266-BCC7-CA923CBCF16C}") = "docker-compose", "docker-compose.dcproj", "{1109C0DC-BBFC-4DEC-AF98-E1613A319888}"
EndProject
Project("{9A19103F-16F7-4668-BE54-9A1E7A4F7556}") = "UserService", "UserService\UserService.csproj", "{1015F6A6-96B0-4DB3-A7D0-9577C8A43C2F}"
EndProject
Project("{9A19103F-16F7-4668-BE54-9A1E7A4F7556}") = "Shared", "Shared\Shared.csproj", "{24613AA5-7325-42D9-9600-2475EA831AC0}"
EndProject
Project("{FAE04EC0-301F-11D3-BF4B-00C04F79EFBC}") = "RecipeService", "RecipeService\RecipeService.csproj", "{A8F27C9D-1BB8-49E7-A171-1479723E753F}"
	ProjectSection(ProjectDependencies) = postProject
		{24613AA5-7325-42D9-9600-2475EA831AC0} = {24613AA5-7325-42D9-9600-2475EA831AC0}
	EndProjectSection
EndProject
Global
	GlobalSection(SolutionConfigurationPlatforms) = preSolution
		Debug|Any CPU = Debug|Any CPU
		Release|Any CPU = Release|Any CPU
	EndGlobalSection
	GlobalSection(ProjectConfigurationPlatforms) = postSolution
		{1F0D818B-36B0-4746-837C-0BA8234E35B1}.Debug|Any CPU.ActiveCfg = Debug|Any CPU
		{1F0D818B-36B0-4746-837C-0BA8234E35B1}.Debug|Any CPU.Build.0 = Debug|Any CPU
		{1F0D818B-36B0-4746-837C-0BA8234E35B1}.Release|Any CPU.ActiveCfg = Release|Any CPU
		{1F0D818B-36B0-4746-837C-0BA8234E35B1}.Release|Any CPU.Build.0 = Release|Any CPU
		{3DD622C0-D8FC-446F-A316-C9EF06364B85}.Debug|Any CPU.ActiveCfg = Debug|Any CPU
		{3DD622C0-D8FC-446F-A316-C9EF06364B85}.Debug|Any CPU.Build.0 = Debug|Any CPU
		{3DD622C0-D8FC-446F-A316-C9EF06364B85}.Release|Any CPU.ActiveCfg = Release|Any CPU
		{3DD622C0-D8FC-446F-A316-C9EF06364B85}.Release|Any CPU.Build.0 = Release|Any CPU
		{1109C0DC-BBFC-4DEC-AF98-E1613A319888}.Debug|Any CPU.ActiveCfg = Debug|Any CPU
		{1109C0DC-BBFC-4DEC-AF98-E1613A319888}.Debug|Any CPU.Build.0 = Debug|Any CPU
		{1109C0DC-BBFC-4DEC-AF98-E1613A319888}.Release|Any CPU.ActiveCfg = Release|Any CPU
		{1109C0DC-BBFC-4DEC-AF98-E1613A319888}.Release|Any CPU.Build.0 = Release|Any CPU
		{1015F6A6-96B0-4DB3-A7D0-9577C8A43C2F}.Debug|Any CPU.ActiveCfg = Debug|Any CPU
		{1015F6A6-96B0-4DB3-A7D0-9577C8A43C2F}.Debug|Any CPU.Build.0 = Debug|Any CPU
		{1015F6A6-96B0-4DB3-A7D0-9577C8A43C2F}.Release|Any CPU.ActiveCfg = Release|Any CPU
		{1015F6A6-96B0-4DB3-A7D0-9577C8A43C2F}.Release|Any CPU.Build.0 = Release|Any CPU
		{24613AA5-7325-42D9-9600-2475EA831AC0}.Debug|Any CPU.ActiveCfg = Debug|Any CPU
		{24613AA5-7325-42D9-9600-2475EA831AC0}.Debug|Any CPU.Build.0 = Debug|Any CPU
		{24613AA5-7325-42D9-9600-2475EA831AC0}.Release|Any CPU.ActiveCfg = Release|Any CPU
		{24613AA5-7325-42D9-9600-2475EA831AC0}.Release|Any CPU.Build.0 = Release|Any CPU
		{A8F27C9D-1BB8-49E7-A171-1479723E753F}.Debug|Any CPU.ActiveCfg = Debug|Any CPU
		{A8F27C9D-1BB8-49E7-A171-1479723E753F}.Debug|Any CPU.Build.0 = Debug|Any CPU
		{A8F27C9D-1BB8-49E7-A171-1479723E753F}.Release|Any CPU.ActiveCfg = Release|Any CPU
		{A8F27C9D-1BB8-49E7-A171-1479723E753F}.Release|Any CPU.Build.0 = Release|Any CPU
	EndGlobalSection
	GlobalSection(SolutionProperties) = preSolution
		HideSolutionNode = FALSE
	EndGlobalSection
	GlobalSection(ExtensibilityGlobals) = postSolution
		SolutionGuid = {4563FE5F-1989-4215-808C-A4AA7885A749}
	EndGlobalSection
EndGlobal
